
Microsoft Visual Studio Solution File, Format Version 12.00
# Visual Studio Version 17
VisualStudioVersion = 17.14.36121.58 d17.14
MinimumVisualStudioVersion = 10.0.40219.1
Project("{FAE04EC0-301F-11D3-BF4B-00C04F79EFBC}") = "RestApiTemplate", "RestApiTemplate.csproj", "{33615BD6-44AB-A9F2-7354-7C783F9713D0}"
EndProject
Global
	GlobalSection(SolutionConfigurationPlatforms) = preSolution
		Debug|Any CPU = Debug|Any CPU
		Release|Any CPU = Release|Any CPU
	EndGlobalSection
	GlobalSection(ProjectConfigurationPlatforms) = postSolution
		{33615BD6-44AB-A9F2-7354-7C783F9713D0}.Debug|Any CPU.ActiveCfg = Debug|Any CPU
		{33615BD6-44AB-A9F2-7354-7C783F9713D0}.Debug|Any CPU.Build.0 = Debug|Any CPU
		{33615BD6-44AB-A9F2-7354-7C783F9713D0}.Release|Any CPU.ActiveCfg = Release|Any CPU
		{33615BD6-44AB-A9F2-7354-7C783F9713D0}.Release|Any CPU.Build.0 = Release|Any CPU
	EndGlobalSection
	GlobalSection(SolutionProperties) = preSolution
		HideSolutionNode = FALSE
	EndGlobalSection
	GlobalSection(ExtensibilityGlobals) = postSolution
		SolutionGuid = {628DB324-1BB6-4F71-A657-A53463659FC4}
	EndGlobalSection
EndGlobal
